# THIS IS AN AUTOGENERATED FILE. DO NOT EDIT THIS FILE DIRECTLY.
# yarn lockfile v1


"@types/cheerio@<1":
  version "0.22.35"
  resolved "https://registry.yarnpkg.com/@types/cheerio/-/cheerio-0.22.35.tgz#0d16dc1f24d426231c181b9c31847f673867595f"
  integrity sha512-yD57BchKRvTV+JD53UZ6PD8KWY5g5rvvMLRnZR3EQBCZXiDT/HR+pKpMzFGlWNhFrXlo7VPZXtKvIEwZkAWOIA==
  dependencies:
    "@types/node" "*"

"@types/enzyme-adapter-react-16@^1.0.6":
  version "1.0.9"
  resolved "https://registry.yarnpkg.com/@types/enzyme-adapter-react-16/-/enzyme-adapter-react-16-1.0.9.tgz#337d85f0e91be2654b246ec11701dcf75af30afc"
  integrity sha512-z24MMxGtUL8HhXdye3tWzjp+19QTsABqLaX2oOZpxMPHRJgLfahQmOeTTrEBQd9ogW20+UmPBXD9j+XOasFHvw==
  dependencies:
    "@types/enzyme" "*"

"@types/enzyme@*":
  version "3.10.19"
  resolved "https://registry.yarnpkg.com/@types/enzyme/-/enzyme-3.10.19.tgz#a4ae751c13e0428171d53cdc0d3d9f9aca7f7689"
  integrity sha512-kIfCo6/DdpgCHgmrLgPTugjzbZ46BUK8S2IP0kYo8+62LD2l1k8mSVsc+zQYNTdjDRoh2E9Spxu6F1NnEiW38Q==
  dependencies:
    "@types/cheerio" "<1"
    "@types/react" "^16"

"@types/node@*":
  version "26.0.0"
  resolved "https://registry.yarnpkg.com/@types/node/-/node-26.0.0.tgz#d4aece9e9412e9f2008d59bc2d74f5279316b665"
  integrity sha512-vf2YFi1iY9lHGwNJMs01biZFbKJkrZR1T6/MlzjhJLPdntOHLhTrDSnSVcdtvjihi4VQNlrFRIxLsDBlQpAipA==
  dependencies:
    undici-types "~8.3.0"

"@types/prop-types@*":
  version "15.7.15"
  resolved "https://registry.yarnpkg.com/@types/prop-types/-/prop-types-15.7.15.tgz#e6e5a86d602beaca71ce5163fadf5f95d70931c7"
  integrity sha512-F6bEyamV9jKGAFBEmlQnesRPGOQqS2+Uwi0Em15xenOxHaf2hv6L8YCVn3rPdPJOiJfPiCnLIRyvwVaqMY3MIw==

"@types/react@^16":
  version "16.14.70"
  resolved "https://registry.yarnpkg.com/@types/react/-/react-16.14.70.tgz#c97b717a6263e18e546c54b3b870482d867c6a93"
  integrity sha512-DM5Q7rSx9G6QYcVvMgxvEurL5P06OxcDNUXrLxlpBzG4ccUewcBCmsztYbxJBobzO8RIwwmjoaD5OsKqdHDuYQ==
  dependencies:
    "@types/prop-types" "*"
    "@types/scheduler" "^0.16"
    csstype "^3.2.2"

"@types/scheduler@^0.16":
  version "0.16.8"
  resolved "https://registry.yarnpkg.com/@types/scheduler/-/scheduler-0.16.8.tgz#ce5ace04cfeabe7ef87c0091e50752e36707deff"
  integrity sha512-WZLiwShhwLRmeV6zH+GkbOFT6Z6VklCItrDioxUnv+u4Ll+8vKeFySoFyK/0ctcRpOmwAicELfmys1sDc/Rw+A==

csstype@^3.2.2:
  version "3.2.3"
  resolved "https://registry.yarnpkg.com/csstype/-/csstype-3.2.3.tgz#ec48c0f3e993e50648c86da559e2610995cf989a"
  integrity sha512-z1HGKcYy2xA8AGQfwrn0PAy+PB7X/GSj3UVJW9qKyn43xWa+gl5nXmU4qqLMRzWVLFC8KusUX8T/0kCiOYpAIQ==

undici-types@~8.3.0:
  version "8.3.0"
  resolved "https://registry.yarnpkg.com/undici-types/-/undici-types-8.3.0.tgz#44e9fc9f3244648cdea35e4f9bb2d681e9410809"
  integrity sha512-j375ScV60dom+YkPFIfTLcOiPxkN/buHz5GobjLhixFuANaNs3C9l4GmrWqejgXWJ7BbJcFYpTEUkS1Ge8bpZQ==
